
Microsoft Visual Studio Solution File, Format Version 12.00
# Visual Studio Version 17
VisualStudioVersion = 17.0.31903.59
MinimumVisualStudioVersion = 10.0.40219.1
Project("{FAE04EC0-301F-11D3-BF4B-00C04F79EFBC}") = "SistemaGestionEntities", "SistemaGestionEntities\SistemaGestionEntities.csproj", "{16B9CAD8-2C26-4E08-B7A3-625409FF6582}"
EndProject
Project("{FAE04EC0-301F-11D3-BF4B-00C04F79EFBC}") = "SistemaGestionData", "SistemaGestionData\SistemaGestionData.csproj", "{F3C6E635-4A97-4568-BB04-70586F507235}"
EndProject
Project("{FAE04EC0-301F-11D3-BF4B-00C04F79EFBC}") = "SistemaGestionBussiness", "SistemaGestionBussiness\SistemaGestionBussiness.csproj", "{2D31508E-B316-4CC9-9169-683EF6E02992}"
EndProject
Project("{FAE04EC0-301F-11D3-BF4B-00C04F79EFBC}") = "SistemaGestionAPI", "SistemaGestionAPI\SistemaGestionAPI.csproj", "{BF2F6CA9-14F2-4C40-BDB8-0BF343B9C63A}"
EndProject
Global
	GlobalSection(SolutionConfigurationPlatforms) = preSolution
		Debug|Any CPU = Debug|Any CPU
		Release|Any CPU = Release|Any CPU
	EndGlobalSection
	GlobalSection(SolutionProperties) = preSolution
		HideSolutionNode = FALSE
	EndGlobalSection
	GlobalSection(ProjectConfigurationPlatforms) = postSolution
		{16B9CAD8-2C26-4E08-B7A3-625409FF6582}.Debug|Any CPU.ActiveCfg = Debug|Any CPU
		{16B9CAD8-2C26-4E08-B7A3-625409FF6582}.Debug|Any CPU.Build.0 = Debug|Any CPU
		{16B9CAD8-2C26-4E08-B7A3-625409FF6582}.Release|Any CPU.ActiveCfg = Release|Any CPU
		{16B9CAD8-2C26-4E08-B7A3-625409FF6582}.Release|Any CPU.Build.0 = Release|Any CPU
		{F3C6E635-4A97-4568-BB04-70586F507235}.Debug|Any CPU.ActiveCfg = Debug|Any CPU
		{F3C6E635-4A97-4568-BB04-70586F507235}.Debug|Any CPU.Build.0 = Debug|Any CPU
		{F3C6E635-4A97-4568-BB04-70586F507235}.Release|Any CPU.ActiveCfg = Release|Any CPU
		{F3C6E635-4A97-4568-BB04-70586F507235}.Release|Any CPU.Build.0 = Release|Any CPU
		{2D31508E-B316-4CC9-9169-683EF6E02992}.Debug|Any CPU.ActiveCfg = Debug|Any CPU
		{2D31508E-B316-4CC9-9169-683EF6E02992}.Debug|Any CPU.Build.0 = Debug|Any CPU
		{2D31508E-B316-4CC9-9169-683EF6E02992}.Release|Any CPU.ActiveCfg = Release|Any CPU
		{2D31508E-B316-4CC9-9169-683EF6E02992}.Release|Any CPU.Build.0 = Release|Any CPU
		{BF2F6CA9-14F2-4C40-BDB8-0BF343B9C63A}.Debug|Any CPU.ActiveCfg = Debug|Any CPU
		{BF2F6CA9-14F2-4C40-BDB8-0BF343B9C63A}.Debug|Any CPU.Build.0 = Debug|Any CPU
		{BF2F6CA9-14F2-4C40-BDB8-0BF343B9C63A}.Release|Any CPU.ActiveCfg = Release|Any CPU
		{BF2F6CA9-14F2-4C40-BDB8-0BF343B9C63A}.Release|Any CPU.Build.0 = Release|Any CPU
	EndGlobalSection
EndGlobal
